
Microsoft Visual Studio Solution File, Format Version 12.00
# Visual Studio Version 16
VisualStudioVersion = 16.0.29102.190
MinimumVisualStudioVersion = 10.0.40219.1
Project("{8BC9CEB8-8B4A-11D0-8D11-00A0C91BC942}") = "Sandbox", "Sandbox\Sandbox.vcxproj", "{0C2F0EDB-8ED8-4751-BF8C-385CF6571EC2}"
EndProject
Project("{8BC9CEB8-8B4A-11D0-8D11-00A0C91BC942}") = "Dooda", "Dooda\Dooda.vcxproj", "{F2E2F671-EA05-43DD-9D62-7607BCF4F5D1}"
EndProject
Global
	GlobalSection(SolutionConfigurationPlatforms) = preSolution
		Debug|x64 = Debug|x64
		Release|x64 = Release|x64
	EndGlobalSection
	GlobalSection(ProjectConfigurationPlatforms) = postSolution
		{F2E2F671-EA05-43DD-9D62-7607BCF4F5D1}.Debug|x64.ActiveCfg = Debug|x64
		{F2E2F671-EA05-43DD-9D62-7607BCF4F5D1}.Debug|x64.Build.0 = Debug|x64
		{F2E2F671-EA05-43DD-9D62-7607BCF4F5D1}.Release|x64.ActiveCfg = Release|x64
		{F2E2F671-EA05-43DD-9D62-7607BCF4F5D1}.Release|x64.Build.0 = Release|x64
		{0C2F0EDB-8ED8-4751-BF8C-385CF6571EC2}.Debug|x64.ActiveCfg = Debug|x64
		{0C2F0EDB-8ED8-4751-BF8C-385CF6571EC2}.Debug|x64.Build.0 = Debug|x64
		{0C2F0EDB-8ED8-4751-BF8C-385CF6571EC2}.Release|x64.ActiveCfg = Release|x64
		{0C2F0EDB-8ED8-4751-BF8C-385CF6571EC2}.Release|x64.Build.0 = Release|x64
	EndGlobalSection
	GlobalSection(SolutionProperties) = preSolution
		HideSolutionNode = FALSE
	EndGlobalSection
	GlobalSection(ExtensibilityGlobals) = postSolution
		SolutionGuid = {A7653874-CD30-45C7-8F33-7F70B7B9E535}
	EndGlobalSection
EndGlobal
