<?xml version="1.0" encoding="utf-8"?>
<Project ToolsVersion="4.0" xmlns="http://schemas.microsoft.com/developer/msbuild/2003">
  <ItemGroup>
    <Filter Include="Dooda">
      <UniqueIdentifier>{EC450C0D-585A-34BE-21DC-D71D8DAF30EF}</UniqueIdentifier>
    </Filter>
    <Filter Include="Dooda\Events">
      <UniqueIdentifier>{509012BE-3CF3-A162-E578-DA18D1BA6DE5}</UniqueIdentifier>
    </Filter>
    <Filter Include="Dooda\ImGui">
      <UniqueIdentifier>{167C2482-8231-9D77-0B26-974E77DA937B}</UniqueIdentifier>
    </Filter>
    <Filter Include="Platform">
      <UniqueIdentifier>{2AC788B4-1694-E3BF-3FAD-D1672BD9184E}</UniqueIdentifier>
    </Filter>
    <Filter Include="Platform\OpenGL">
      <UniqueIdentifier>{1E7D2C1D-8A08-9AE1-9319-1DD6FF23F6E1}</UniqueIdentifier>
    </Filter>
    <Filter Include="Platform\Windows">
      <UniqueIdentifier>{64FBD71A-50F4-F66C-7926-DCF1657ED678}</UniqueIdentifier>
    </Filter>
  </ItemGroup>
  <ItemGroup>
    <ClInclude Include="src\Ddpch.h" />
    <ClInclude Include="src\Dooda.h" />
    <ClInclude Include="src\Dooda\Application.h">
      <Filter>Dooda</Filter>
    </ClInclude>
    <ClInclude Include="src\Dooda\Core.h">
      <Filter>Dooda</Filter>
    </ClInclude>
    <ClInclude Include="src\Dooda\EntryPoint.h">
      <Filter>Dooda</Filter>
    </ClInclude>
    <ClInclude Include="src\Dooda\Events\ApplicationEvent.h">
      <Filter>Dooda\Events</Filter>
    </ClInclude>
    <ClInclude Include="src\Dooda\Events\Event.h">
      <Filter>Dooda\Events</Filter>
    </ClInclude>
    <ClInclude Include="src\Dooda\Events\KeyEvent.h">
      <Filter>Dooda\Events</Filter>
    </ClInclude>
    <ClInclude Include="src\Dooda\Events\MouseEvent.h">
      <Filter>Dooda\Events</Filter>
    </ClInclude>
    <ClInclude Include="src\Dooda\ImGui\ImGuiLayer.h">
      <Filter>Dooda\ImGui</Filter>
    </ClInclude>
    <ClInclude Include="src\Dooda\Layer.h">
      <Filter>Dooda</Filter>
    </ClInclude>
    <ClInclude Include="src\Dooda\LayerStack.h">
      <Filter>Dooda</Filter>
    </ClInclude>
    <ClInclude Include="src\Dooda\Log.h">
      <Filter>Dooda</Filter>
    </ClInclude>
    <ClInclude Include="src\Dooda\Window.h">
      <Filter>Dooda</Filter>
    </ClInclude>
    <ClInclude Include="src\Platform\OpenGL\ImGuiOpenGLRenderer.h">
      <Filter>Platform\OpenGL</Filter>
    </ClInclude>
    <ClInclude Include="src\Platform\Windows\WindowsWindow.h">
      <Filter>Platform\Windows</Filter>
    </ClInclude>
    <ClInclude Include="src\Dooda\Input.h" />
    <ClInclude Include="src\Platform\Windows\WindowsInput.h" />
  </ItemGroup>
  <ItemGroup>
    <ClCompile Include="src\Ddpch.cpp" />
    <ClCompile Include="src\Dooda\Application.cpp">
      <Filter>Dooda</Filter>
    </ClCompile>
    <ClCompile Include="src\Dooda\ImGui\ImGuiLayer.cpp">
      <Filter>Dooda\ImGui</Filter>
    </ClCompile>
    <ClCompile Include="src\Dooda\Layer.cpp">
      <Filter>Dooda</Filter>
    </ClCompile>
    <ClCompile Include="src\Dooda\LayerStack.cpp">
      <Filter>Dooda</Filter>
    </ClCompile>
    <ClCompile Include="src\Dooda\Log.cpp">
      <Filter>Dooda</Filter>
    </ClCompile>
    <ClCompile Include="src\Platform\OpenGL\ImGuiOpenGLRenderer.cpp">
      <Filter>Platform\OpenGL</Filter>
    </ClCompile>
    <ClCompile Include="src\Platform\Windows\WindowsWindow.cpp">
      <Filter>Platform\Windows</Filter>
    </ClCompile>
    <ClCompile Include="src\Platform\Windows\WindowsInput.cpp" />
  </ItemGroup>
</Project>